
Microsoft Visual Studio Solution File, Format Version 12.00
# Visual Studio Version 17
VisualStudioVersion = 17.8.34322.80
MinimumVisualStudioVersion = 10.0.40219.1
Project("{FAE04EC0-301F-11D3-BF4B-00C04F79EFBC}") = "publishing", "publishing.csproj", "{3A64F8FB-A53C-403E-A6A0-16A0CCE01CD8}"
EndProject
Global
	GlobalSection(SolutionConfigurationPlatforms) = preSolution
		Debug|Any CPU = Debug|Any CPU
		Release|Any CPU = Release|Any CPU
	EndGlobalSection
	GlobalSection(ProjectConfigurationPlatforms) = postSolution
		{3A64F8FB-A53C-403E-A6A0-16A0CCE01CD8}.Debug|Any CPU.ActiveCfg = Debug|Any CPU
		{3A64F8FB-A53C-403E-A6A0-16A0CCE01CD8}.Debug|Any CPU.Build.0 = Debug|Any CPU
		{3A64F8FB-A53C-403E-A6A0-16A0CCE01CD8}.Release|Any CPU.ActiveCfg = Release|Any CPU
		{3A64F8FB-A53C-403E-A6A0-16A0CCE01CD8}.Release|Any CPU.Build.0 = Release|Any CPU
	EndGlobalSection
	GlobalSection(SolutionProperties) = preSolution
		HideSolutionNode = FALSE
	EndGlobalSection
	GlobalSection(ExtensibilityGlobals) = postSolution
		SolutionGuid = {54BCA58F-F85E-4777-989A-2CFCC32F73CB}
	EndGlobalSection
EndGlobal
